{
  "name": "@lyrical/react",
  "version": "0.3.24",
  "lockfileVersion": 1,
  "requires": true,
  "dependencies": {
    "@lyrical/js": {
      "version": "0.3.10",
      "resolved": "https://registry.npmjs.org/@lyrical/js/-/js-0.3.10.tgz",
      "integrity": "sha512-/9IaWdqTaHTyEKGHbsCSx03LL8bM0j2E13MIjtgalDdHPIYelAJmzlSHjrJeMgeMM27SEuPSzbz8aICoFSDFog=="
    }
  }
}
