{
  "name": "@lyrical/react",
  "version": "0.3.24",
  "lockfileVersion": 1,
  "requires": true,
  "dependencies": {
    "@lyrical/js": {
      "version": "0.3.12",
      "resolved": "https://registry.npmjs.org/@lyrical/js/-/js-0.3.12.tgz",
      "integrity": "sha512-Qe5NKijUJixUNDvRAiFFPwdxHYHZZHh+89bvyyFJdZlN2i+nzGypt5vt8QjyqrfrZ8T62kLul2ECGJyJMiGFVQ=="
    }
  }
}
